// !$*UTF8*$!
{
	archiveVersion = 1;
	classes = {
	};
	objectVersion = 55;
	objects = {

/* Begin PBXBuildFile section */
		6DF7A82F282FBB28006E0915 /* AppDelegate.swift in Sources */ = {isa = PBXBuildFile; fileRef = 6DF7A82E282FBB28006E0915 /* AppDelegate.swift */; };
		6DF7A831282FBB28006E0915 /* SceneDelegate.swift in Sources */ = {isa = PBXBuildFile; fileRef = 6DF7A830282FBB28006E0915 /* SceneDelegate.swift */; };
		6DF7A833282FBB28006E0915 /* HomeViewController.swift in Sources */ = {isa = PBXBuildFile; fileRef = 6DF7A832282FBB28006E0915 /* HomeViewController.swift */; };
		6DF7A836282FBB28006E0915 /* Main.storyboard in Resources */ = {isa = PBXBuildFile; fileRef = 6DF7A834282FBB28006E0915 /* Main.storyboard */; };
		6DF7A838282FBB2B006E0915 /* Assets.xcassets in Resources */ = {isa = PBXBuildFile; fileRef = 6DF7A837282FBB2B006E0915 /* Assets.xcassets */; };
		6DF7A83B282FBB2B006E0915 /* LaunchScreen.storyboard in Resources */ = {isa = PBXBuildFile; fileRef = 6DF7A839282FBB2B006E0915 /* LaunchScreen.storyboard */; };
		6DF7A846282FBB2B006E0915 /* DesafioSextaFeira13Tests.swift in Sources */ = {isa = PBXBuildFile; fileRef = 6DF7A845282FBB2B006E0915 /* DesafioSextaFeira13Tests.swift */; };
		6DF7A850282FBB2B006E0915 /* DesafioSextaFeira13UITests.swift in Sources */ = {isa = PBXBuildFile; fileRef = 6DF7A84F282FBB2B006E0915 /* DesafioSextaFeira13UITests.swift */; };
		6DF7A852282FBB2B006E0915 /* DesafioSextaFeira13UITestsLaunchTests.swift in Sources */ = {isa = PBXBuildFile; fileRef = 6DF7A851282FBB2B006E0915 /* DesafioSextaFeira13UITestsLaunchTests.swift */; };
		6DF7A85F282FBC56006E0915 /* BuscaViewController.swift in Sources */ = {isa = PBXBuildFile; fileRef = 6DF7A85E282FBC56006E0915 /* BuscaViewController.swift */; };
		6DF7A861282FBC68006E0915 /* FiltroViewController.swift in Sources */ = {isa = PBXBuildFile; fileRef = 6DF7A860282FBC68006E0915 /* FiltroViewController.swift */; };
		6DF7A863282FBC73006E0915 /* AmigosViewController.swift in Sources */ = {isa = PBXBuildFile; fileRef = 6DF7A862282FBC73006E0915 /* AmigosViewController.swift */; };
		6DF7A865282FBC84006E0915 /* ConfiguracoesViewController.swift in Sources */ = {isa = PBXBuildFile; fileRef = 6DF7A864282FBC84006E0915 /* ConfiguracoesViewController.swift */; };
		6DF7A868283159AD006E0915 /* Filme.swift in Sources */ = {isa = PBXBuildFile; fileRef = 6DF7A867283159AD006E0915 /* Filme.swift */; };
		6DF7A86A28315AC5006E0915 /* Usuario.swift in Sources */ = {isa = PBXBuildFile; fileRef = 6DF7A86928315AC5006E0915 /* Usuario.swift */; };
		6DF7A86C28315DF0006E0915 /* BancoDeDados.swift in Sources */ = {isa = PBXBuildFile; fileRef = 6DF7A86B28315DF0006E0915 /* BancoDeDados.swift */; };
		6DF7A86E2831A5C3006E0915 /* FilmesCollectionViewCell.swift in Sources */ = {isa = PBXBuildFile; fileRef = 6DF7A86D2831A5C3006E0915 /* FilmesCollectionViewCell.swift */; };
		6DF7A8722831C055006E0915 /* FilmesFiltroCollectionViewCell.swift in Sources */ = {isa = PBXBuildFile; fileRef = 6DF7A8712831C055006E0915 /* FilmesFiltroCollectionViewCell.swift */; };
		6DF7A8742831D31A006E0915 /* AmigosTableViewCell.swift in Sources */ = {isa = PBXBuildFile; fileRef = 6DF7A8732831D31A006E0915 /* AmigosTableViewCell.swift */; };
		6DF7A87D28326CFA006E0915 /* DetalhesAmigoViewController.swift in Sources */ = {isa = PBXBuildFile; fileRef = 6DF7A87C28326CFA006E0915 /* DetalhesAmigoViewController.swift */; };
		6DF7A87F28326D62006E0915 /* DetalhesFilmeViewController.swift in Sources */ = {isa = PBXBuildFile; fileRef = 6DF7A87E28326D62006E0915 /* DetalhesFilmeViewController.swift */; };
/* End PBXBuildFile section */

/* Begin PBXContainerItemProxy section */
		6DF7A842282FBB2B006E0915 /* PBXContainerItemProxy */ = {
			isa = PBXContainerItemProxy;
			containerPortal = 6DF7A823282FBB28006E0915 /* Project object */;
			proxyType = 1;
			remoteGlobalIDString = 6DF7A82A282FBB28006E0915;
			remoteInfo = DesafioSextaFeira13;
		};
		6DF7A84C282FBB2B006E0915 /* PBXContainerItemProxy */ = {
			isa = PBXContainerItemProxy;
			containerPortal = 6DF7A823282FBB28006E0915 /* Project object */;
			proxyType = 1;
			remoteGlobalIDString = 6DF7A82A282FBB28006E0915;
			remoteInfo = DesafioSextaFeira13;
		};
/* End PBXContainerItemProxy section */

/* Begin PBXFileReference section */
		6DF7A82B282FBB28006E0915 /* DesafioSextaFeira13.app */ = {isa = PBXFileReference; explicitFileType = wrapper.application; includeInIndex = 0; path = DesafioSextaFeira13.app; sourceTree = BUILT_PRODUCTS_DIR; };
		6DF7A82E282FBB28006E0915 /* AppDelegate.swift */ = {isa = PBXFileReference; lastKnownFileType = sourcecode.swift; path = AppDelegate.swift; sourceTree = "<group>"; };
		6DF7A830282FBB28006E0915 /* SceneDelegate.swift */ = {isa = PBXFileReference; lastKnownFileType = sourcecode.swift; path = SceneDelegate.swift; sourceTree = "<group>"; };
		6DF7A832282FBB28006E0915 /* HomeViewController.swift */ = {isa = PBXFileReference; lastKnownFileType = sourcecode.swift; path = HomeViewController.swift; sourceTree = "<group>"; };
		6DF7A835282FBB28006E0915 /* Base */ = {isa = PBXFileReference; lastKnownFileType = file.storyboard; name = Base; path = Base.lproj/Main.storyboard; sourceTree = "<group>"; };
		6DF7A837282FBB2B006E0915 /* Assets.xcassets */ = {isa = PBXFileReference; lastKnownFileType = folder.assetcatalog; path = Assets.xcassets; sourceTree = "<group>"; };
		6DF7A83A282FBB2B006E0915 /* Base */ = {isa = PBXFileReference; lastKnownFileType = file.storyboard; name = Base; path = Base.lproj/LaunchScreen.storyboard; sourceTree = "<group>"; };
		6DF7A83C282FBB2B006E0915 /* Info.plist */ = {isa = PBXFileReference; lastKnownFileType = text.plist.xml; path = Info.plist; sourceTree = "<group>"; };
		6DF7A841282FBB2B006E0915 /* DesafioSextaFeira13Tests.xctest */ = {isa = PBXFileReference; explicitFileType = wrapper.cfbundle; includeInIndex = 0; path = DesafioSextaFeira13Tests.xctest; sourceTree = BUILT_PRODUCTS_DIR; };
		6DF7A845282FBB2B006E0915 /* DesafioSextaFeira13Tests.swift */ = {isa = PBXFileReference; lastKnownFileType = sourcecode.swift; path = DesafioSextaFeira13Tests.swift; sourceTree = "<group>"; };
		6DF7A84B282FBB2B006E0915 /* DesafioSextaFeira13UITests.xctest */ = {isa = PBXFileReference; explicitFileType = wrapper.cfbundle; includeInIndex = 0; path = DesafioSextaFeira13UITests.xctest; sourceTree = BUILT_PRODUCTS_DIR; };
		6DF7A84F282FBB2B006E0915 /* DesafioSextaFeira13UITests.swift */ = {isa = PBXFileReference; lastKnownFileType = sourcecode.swift; path = DesafioSextaFeira13UITests.swift; sourceTree = "<group>"; };
		6DF7A851282FBB2B006E0915 /* DesafioSextaFeira13UITestsLaunchTests.swift */ = {isa = PBXFileReference; lastKnownFileType = sourcecode.swift; path = DesafioSextaFeira13UITestsLaunchTests.swift; sourceTree = "<group>"; };
		6DF7A85E282FBC56006E0915 /* BuscaViewController.swift */ = {isa = PBXFileReference; lastKnownFileType = sourcecode.swift; path = BuscaViewController.swift; sourceTree = "<group>"; };
		6DF7A860282FBC68006E0915 /* FiltroViewController.swift */ = {isa = PBXFileReference; lastKnownFileType = sourcecode.swift; path = FiltroViewController.swift; sourceTree = "<group>"; };
		6DF7A862282FBC73006E0915 /* AmigosViewController.swift */ = {isa = PBXFileReference; lastKnownFileType = sourcecode.swift; path = AmigosViewController.swift; sourceTree = "<group>"; };
		6DF7A864282FBC84006E0915 /* ConfiguracoesViewController.swift */ = {isa = PBXFileReference; lastKnownFileType = sourcecode.swift; path = ConfiguracoesViewController.swift; sourceTree = "<group>"; };
		6DF7A867283159AD006E0915 /* Filme.swift */ = {isa = PBXFileReference; lastKnownFileType = sourcecode.swift; path = Filme.swift; sourceTree = "<group>"; };
		6DF7A86928315AC5006E0915 /* Usuario.swift */ = {isa = PBXFileReference; lastKnownFileType = sourcecode.swift; path = Usuario.swift; sourceTree = "<group>"; };
		6DF7A86B28315DF0006E0915 /* BancoDeDados.swift */ = {isa = PBXFileReference; lastKnownFileType = sourcecode.swift; path = BancoDeDados.swift; sourceTree = "<group>"; };
		6DF7A86D2831A5C3006E0915 /* FilmesCollectionViewCell.swift */ = {isa = PBXFileReference; lastKnownFileType = sourcecode.swift; path = FilmesCollectionViewCell.swift; sourceTree = "<group>"; };
		6DF7A8712831C055006E0915 /* FilmesFiltroCollectionViewCell.swift */ = {isa = PBXFileReference; lastKnownFileType = sourcecode.swift; path = FilmesFiltroCollectionViewCell.swift; sourceTree = "<group>"; };
		6DF7A8732831D31A006E0915 /* AmigosTableViewCell.swift */ = {isa = PBXFileReference; lastKnownFileType = sourcecode.swift; path = AmigosTableViewCell.swift; sourceTree = "<group>"; };
		6DF7A87C28326CFA006E0915 /* DetalhesAmigoViewController.swift */ = {isa = PBXFileReference; lastKnownFileType = sourcecode.swift; path = DetalhesAmigoViewController.swift; sourceTree = "<group>"; };
		6DF7A87E28326D62006E0915 /* DetalhesFilmeViewController.swift */ = {isa = PBXFileReference; lastKnownFileType = sourcecode.swift; path = DetalhesFilmeViewController.swift; sourceTree = "<group>"; wrapsLines = 1; };
/* End PBXFileReference section */

/* Begin PBXFrameworksBuildPhase section */
		6DF7A828282FBB28006E0915 /* Frameworks */ = {
			isa = PBXFrameworksBuildPhase;
			buildActionMask = 2147483647;
			files = (
			);
			runOnlyForDeploymentPostprocessing = 0;
		};
		6DF7A83E282FBB2B006E0915 /* Frameworks */ = {
			isa = PBXFrameworksBuildPhase;
			buildActionMask = 2147483647;
			files = (
			);
			runOnlyForDeploymentPostprocessing = 0;
		};
		6DF7A848282FBB2B006E0915 /* Frameworks */ = {
			isa = PBXFrameworksBuildPhase;
			buildActionMask = 2147483647;
			files = (
			);
			runOnlyForDeploymentPostprocessing = 0;
		};
/* End PBXFrameworksBuildPhase section */

/* Begin PBXGroup section */
		6DF7A822282FBB28006E0915 = {
			isa = PBXGroup;
			children = (
				6DF7A82D282FBB28006E0915 /* DesafioSextaFeira13 */,
				6DF7A844282FBB2B006E0915 /* DesafioSextaFeira13Tests */,
				6DF7A84E282FBB2B006E0915 /* DesafioSextaFeira13UITests */,
				6DF7A82C282FBB28006E0915 /* Products */,
			);
			sourceTree = "<group>";
		};
		6DF7A82C282FBB28006E0915 /* Products */ = {
			isa = PBXGroup;
			children = (
				6DF7A82B282FBB28006E0915 /* DesafioSextaFeira13.app */,
				6DF7A841282FBB2B006E0915 /* DesafioSextaFeira13Tests.xctest */,
				6DF7A84B282FBB2B006E0915 /* DesafioSextaFeira13UITests.xctest */,
			);
			name = Products;
			sourceTree = "<group>";
		};
		6DF7A82D282FBB28006E0915 /* DesafioSextaFeira13 */ = {
			isa = PBXGroup;
			children = (
				6DF7A87B28326C81006E0915 /* Context */,
				6DF7A87528326BB8006E0915 /* Views */,
				6DF7A86628315996006E0915 /* Models */,
				6DF7A82E282FBB28006E0915 /* AppDelegate.swift */,
				6DF7A830282FBB28006E0915 /* SceneDelegate.swift */,
				6DF7A834282FBB28006E0915 /* Main.storyboard */,
				6DF7A837282FBB2B006E0915 /* Assets.xcassets */,
				6DF7A839282FBB2B006E0915 /* LaunchScreen.storyboard */,
				6DF7A83C282FBB2B006E0915 /* Info.plist */,
			);
			path = DesafioSextaFeira13;
			sourceTree = "<group>";
		};
		6DF7A844282FBB2B006E0915 /* DesafioSextaFeira13Tests */ = {
			isa = PBXGroup;
			children = (
				6DF7A845282FBB2B006E0915 /* DesafioSextaFeira13Tests.swift */,
			);
			path = DesafioSextaFeira13Tests;
			sourceTree = "<group>";
		};
		6DF7A84E282FBB2B006E0915 /* DesafioSextaFeira13UITests */ = {
			isa = PBXGroup;
			children = (
				6DF7A84F282FBB2B006E0915 /* DesafioSextaFeira13UITests.swift */,
				6DF7A851282FBB2B006E0915 /* DesafioSextaFeira13UITestsLaunchTests.swift */,
			);
			path = DesafioSextaFeira13UITests;
			sourceTree = "<group>";
		};
		6DF7A86628315996006E0915 /* Models */ = {
			isa = PBXGroup;
			children = (
				6DF7A867283159AD006E0915 /* Filme.swift */,
				6DF7A86928315AC5006E0915 /* Usuario.swift */,
			);
			path = Models;
			sourceTree = "<group>";
		};
		6DF7A87528326BB8006E0915 /* Views */ = {
			isa = PBXGroup;
			children = (
				6DF7A87A28326BE3006E0915 /* Configuracoes */,
				6DF7A87928326BD9006E0915 /* Filtro */,
				6DF7A87828326BD3006E0915 /* Amigos */,
				6DF7A87728326BCC006E0915 /* Home */,
				6DF7A87628326BC6006E0915 /* Busca */,
			);
			path = Views;
			sourceTree = "<group>";
		};
		6DF7A87628326BC6006E0915 /* Busca */ = {
			isa = PBXGroup;
			children = (
				6DF7A85E282FBC56006E0915 /* BuscaViewController.swift */,
				6DF7A87E28326D62006E0915 /* DetalhesFilmeViewController.swift */,
			);
			path = Busca;
			sourceTree = "<group>";
		};
		6DF7A87728326BCC006E0915 /* Home */ = {
			isa = PBXGroup;
			children = (
				6DF7A86D2831A5C3006E0915 /* FilmesCollectionViewCell.swift */,
				6DF7A832282FBB28006E0915 /* HomeViewController.swift */,
			);
			path = Home;
			sourceTree = "<group>";
		};
		6DF7A87828326BD3006E0915 /* Amigos */ = {
			isa = PBXGroup;
			children = (
				6DF7A8732831D31A006E0915 /* AmigosTableViewCell.swift */,
				6DF7A862282FBC73006E0915 /* AmigosViewController.swift */,
				6DF7A87C28326CFA006E0915 /* DetalhesAmigoViewController.swift */,
			);
			path = Amigos;
			sourceTree = "<group>";
		};
		6DF7A87928326BD9006E0915 /* Filtro */ = {
			isa = PBXGroup;
			children = (
				6DF7A8712831C055006E0915 /* FilmesFiltroCollectionViewCell.swift */,
				6DF7A860282FBC68006E0915 /* FiltroViewController.swift */,
			);
			path = Filtro;
			sourceTree = "<group>";
		};
		6DF7A87A28326BE3006E0915 /* Configuracoes */ = {
			isa = PBXGroup;
			children = (
				6DF7A864282FBC84006E0915 /* ConfiguracoesViewController.swift */,
			);
			path = Configuracoes;
			sourceTree = "<group>";
		};
		6DF7A87B28326C81006E0915 /* Context */ = {
			isa = PBXGroup;
			children = (
				6DF7A86B28315DF0006E0915 /* BancoDeDados.swift */,
			);
			path = Context;
			sourceTree = "<group>";
		};
/* End PBXGroup section */

/* Begin PBXNativeTarget section */
		6DF7A82A282FBB28006E0915 /* DesafioSextaFeira13 */ = {
			isa = PBXNativeTarget;
			buildConfigurationList = 6DF7A855282FBB2B006E0915 /* Build configuration list for PBXNativeTarget "DesafioSextaFeira13" */;
			buildPhases = (
				6DF7A827282FBB28006E0915 /* Sources */,
				6DF7A828282FBB28006E0915 /* Frameworks */,
				6DF7A829282FBB28006E0915 /* Resources */,
			);
			buildRules = (
			);
			dependencies = (
			);
			name = DesafioSextaFeira13;
			productName = DesafioSextaFeira13;
			productReference = 6DF7A82B282FBB28006E0915 /* DesafioSextaFeira13.app */;
			productType = "com.apple.product-type.application";
		};
		6DF7A840282FBB2B006E0915 /* DesafioSextaFeira13Tests */ = {
			isa = PBXNativeTarget;
			buildConfigurationList = 6DF7A858282FBB2B006E0915 /* Build configuration list for PBXNativeTarget "DesafioSextaFeira13Tests" */;
			buildPhases = (
				6DF7A83D282FBB2B006E0915 /* Sources */,
				6DF7A83E282FBB2B006E0915 /* Frameworks */,
				6DF7A83F282FBB2B006E0915 /* Resources */,
			);
			buildRules = (
			);
			dependencies = (
				6DF7A843282FBB2B006E0915 /* PBXTargetDependency */,
			);
			name = DesafioSextaFeira13Tests;
			productName = DesafioSextaFeira13Tests;
			productReference = 6DF7A841282FBB2B006E0915 /* DesafioSextaFeira13Tests.xctest */;
			productType = "com.apple.product-type.bundle.unit-test";
		};
		6DF7A84A282FBB2B006E0915 /* DesafioSextaFeira13UITests */ = {
			isa = PBXNativeTarget;
			buildConfigurationList = 6DF7A85B282FBB2B006E0915 /* Build configuration list for PBXNativeTarget "DesafioSextaFeira13UITests" */;
			buildPhases = (
				6DF7A847282FBB2B006E0915 /* Sources */,
				6DF7A848282FBB2B006E0915 /* Frameworks */,
				6DF7A849282FBB2B006E0915 /* Resources */,
			);
			buildRules = (
			);
			dependencies = (
				6DF7A84D282FBB2B006E0915 /* PBXTargetDependency */,
			);
			name = DesafioSextaFeira13UITests;
			productName = DesafioSextaFeira13UITests;
			productReference = 6DF7A84B282FBB2B006E0915 /* DesafioSextaFeira13UITests.xctest */;
			productType = "com.apple.product-type.bundle.ui-testing";
		};
/* End PBXNativeTarget section */

/* Begin PBXProject section */
		6DF7A823282FBB28006E0915 /* Project object */ = {
			isa = PBXProject;
			attributes = {
				BuildIndependentTargetsInParallel = 1;
				LastSwiftUpdateCheck = 1330;
				LastUpgradeCheck = 1330;
				TargetAttributes = {
					6DF7A82A282FBB28006E0915 = {
						CreatedOnToolsVersion = 13.3.1;
					};
					6DF7A840282FBB2B006E0915 = {
						CreatedOnToolsVersion = 13.3.1;
						TestTargetID = 6DF7A82A282FBB28006E0915;
					};
					6DF7A84A282FBB2B006E0915 = {
						CreatedOnToolsVersion = 13.3.1;
						TestTargetID = 6DF7A82A282FBB28006E0915;
					};
				};
			};
			buildConfigurationList = 6DF7A826282FBB28006E0915 /* Build configuration list for PBXProject "DesafioSextaFeira13" */;
			compatibilityVersion = "Xcode 13.0";
			developmentRegion = en;
			hasScannedForEncodings = 0;
			knownRegions = (
				en,
				Base,
			);
			mainGroup = 6DF7A822282FBB28006E0915;
			productRefGroup = 6DF7A82C282FBB28006E0915 /* Products */;
			projectDirPath = "";
			projectRoot = "";
			targets = (
				6DF7A82A282FBB28006E0915 /* DesafioSextaFeira13 */,
				6DF7A840282FBB2B006E0915 /* DesafioSextaFeira13Tests */,
				6DF7A84A282FBB2B006E0915 /* DesafioSextaFeira13UITests */,
			);
		};
/* End PBXProject section */

/* Begin PBXResourcesBuildPhase section */
		6DF7A829282FBB28006E0915 /* Resources */ = {
			isa = PBXResourcesBuildPhase;
			buildActionMask = 2147483647;
			files = (
				6DF7A83B282FBB2B006E0915 /* LaunchScreen.storyboard in Resources */,
				6DF7A838282FBB2B006E0915 /* Assets.xcassets in Resources */,
				6DF7A836282FBB28006E0915 /* Main.storyboard in Resources */,
			);
			runOnlyForDeploymentPostprocessing = 0;
		};
		6DF7A83F282FBB2B006E0915 /* Resources */ = {
			isa = PBXResourcesBuildPhase;
			buildActionMask = 2147483647;
			files = (
			);
			runOnlyForDeploymentPostprocessing = 0;
		};
		6DF7A849282FBB2B006E0915 /* Resources */ = {
			isa = PBXResourcesBuildPhase;
			buildActionMask = 2147483647;
			files = (
			);
			runOnlyForDeploymentPostprocessing = 0;
		};
/* End PBXResourcesBuildPhase section */

/* Begin PBXSourcesBuildPhase section */
		6DF7A827282FBB28006E0915 /* Sources */ = {
			isa = PBXSourcesBuildPhase;
			buildActionMask = 2147483647;
			files = (
				6DF7A861282FBC68006E0915 /* FiltroViewController.swift in Sources */,
				6DF7A833282FBB28006E0915 /* HomeViewController.swift in Sources */,
				6DF7A87D28326CFA006E0915 /* DetalhesAmigoViewController.swift in Sources */,
				6DF7A865282FBC84006E0915 /* ConfiguracoesViewController.swift in Sources */,
				6DF7A868283159AD006E0915 /* Filme.swift in Sources */,
				6DF7A85F282FBC56006E0915 /* BuscaViewController.swift in Sources */,
				6DF7A86A28315AC5006E0915 /* Usuario.swift in Sources */,
				6DF7A87F28326D62006E0915 /* DetalhesFilmeViewController.swift in Sources */,
				6DF7A8722831C055006E0915 /* FilmesFiltroCollectionViewCell.swift in Sources */,
				6DF7A82F282FBB28006E0915 /* AppDelegate.swift in Sources */,
				6DF7A86E2831A5C3006E0915 /* FilmesCollectionViewCell.swift in Sources */,
				6DF7A863282FBC73006E0915 /* AmigosViewController.swift in Sources */,
				6DF7A8742831D31A006E0915 /* AmigosTableViewCell.swift in Sources */,
				6DF7A86C28315DF0006E0915 /* BancoDeDados.swift in Sources */,
				6DF7A831282FBB28006E0915 /* SceneDelegate.swift in Sources */,
			);
			runOnlyForDeploymentPostprocessing = 0;
		};
		6DF7A83D282FBB2B006E0915 /* Sources */ = {
			isa = PBXSourcesBuildPhase;
			buildActionMask = 2147483647;
			files = (
				6DF7A846282FBB2B006E0915 /* DesafioSextaFeira13Tests.swift in Sources */,
			);
			runOnlyForDeploymentPostprocessing = 0;
		};
		6DF7A847282FBB2B006E0915 /* Sources */ = {
			isa = PBXSourcesBuildPhase;
			buildActionMask = 2147483647;
			files = (
				6DF7A852282FBB2B006E0915 /* DesafioSextaFeira13UITestsLaunchTests.swift in Sources */,
				6DF7A850282FBB2B006E0915 /* DesafioSextaFeira13UITests.swift in Sources */,
			);
			runOnlyForDeploymentPostprocessing = 0;
		};
/* End PBXSourcesBuildPhase section */

/* Begin PBXTargetDependency section */
		6DF7A843282FBB2B006E0915 /* PBXTargetDependency */ = {
			isa = PBXTargetDependency;
			target = 6DF7A82A282FBB28006E0915 /* DesafioSextaFeira13 */;
			targetProxy = 6DF7A842282FBB2B006E0915 /* PBXContainerItemProxy */;
		};
		6DF7A84D282FBB2B006E0915 /* PBXTargetDependency */ = {
			isa = PBXTargetDependency;
			target = 6DF7A82A282FBB28006E0915 /* DesafioSextaFeira13 */;
			targetProxy = 6DF7A84C282FBB2B006E0915 /* PBXContainerItemProxy */;
		};
/* End PBXTargetDependency section */

/* Begin PBXVariantGroup section */
		6DF7A834282FBB28006E0915 /* Main.storyboard */ = {
			isa = PBXVariantGroup;
			children = (
				6DF7A835282FBB28006E0915 /* Base */,
			);
			name = Main.storyboard;
			sourceTree = "<group>";
		};
		6DF7A839282FBB2B006E0915 /* LaunchScreen.storyboard */ = {
			isa = PBXVariantGroup;
			children = (
				6DF7A83A282FBB2B006E0915 /* Base */,
			);
			name = LaunchScreen.storyboard;
			sourceTree = "<group>";
		};
/* End PBXVariantGroup section */

/* Begin XCBuildConfiguration section */
		6DF7A853282FBB2B006E0915 /* Debug */ = {
			isa = XCBuildConfiguration;
			buildSettings = {
				ALWAYS_SEARCH_USER_PATHS = NO;
				CLANG_ANALYZER_NONNULL = YES;
				CLANG_ANALYZER_NUMBER_OBJECT_CONVERSION = YES_AGGRESSIVE;
				CLANG_CXX_LANGUAGE_STANDARD = "gnu++17";
				CLANG_ENABLE_MODULES = YES;
				CLANG_ENABLE_OBJC_ARC = YES;
				CLANG_ENABLE_OBJC_WEAK = YES;
				CLANG_WARN_BLOCK_CAPTURE_AUTORELEASING = YES;
				CLANG_WARN_BOOL_CONVERSION = YES;
				CLANG_WARN_COMMA = YES;
				CLANG_WARN_CONSTANT_CONVERSION = YES;
				CLANG_WARN_DEPRECATED_OBJC_IMPLEMENTATIONS = YES;
				CLANG_WARN_DIRECT_OBJC_ISA_USAGE = YES_ERROR;
				CLANG_WARN_DOCUMENTATION_COMMENTS = YES;
				CLANG_WARN_EMPTY_BODY = YES;
				CLANG_WARN_ENUM_CONVERSION = YES;
				CLANG_WARN_INFINITE_RECURSION = YES;
				CLANG_WARN_INT_CONVERSION = YES;
				CLANG_WARN_NON_LITERAL_NULL_CONVERSION = YES;
				CLANG_WARN_OBJC_IMPLICIT_RETAIN_SELF = YES;
				CLANG_WARN_OBJC_LITERAL_CONVERSION = YES;
				CLANG_WARN_OBJC_ROOT_CLASS = YES_ERROR;
				CLANG_WARN_QUOTED_INCLUDE_IN_FRAMEWORK_HEADER = YES;
				CLANG_WARN_RANGE_LOOP_ANALYSIS = YES;
				CLANG_WARN_STRICT_PROTOTYPES = YES;
				CLANG_WARN_SUSPICIOUS_MOVE = YES;
				CLANG_WARN_UNGUARDED_AVAILABILITY = YES_AGGRESSIVE;
				CLANG_WARN_UNREACHABLE_CODE = YES;
				CLANG_WARN__DUPLICATE_METHOD_MATCH = YES;
				COPY_PHASE_STRIP = NO;
				DEBUG_INFORMATION_FORMAT = dwarf;
				ENABLE_STRICT_OBJC_MSGSEND = YES;
				ENABLE_TESTABILITY = YES;
				GCC_C_LANGUAGE_STANDARD = gnu11;
				GCC_DYNAMIC_NO_PIC = NO;
				GCC_NO_COMMON_BLOCKS = YES;
				GCC_OPTIMIZATION_LEVEL = 0;
				GCC_PREPROCESSOR_DEFINITIONS = (
					"DEBUG=1",
					"$(inherited)",
				);
				GCC_WARN_64_TO_32_BIT_CONVERSION = YES;
				GCC_WARN_ABOUT_RETURN_TYPE = YES_ERROR;
				GCC_WARN_UNDECLARED_SELECTOR = YES;
				GCC_WARN_UNINITIALIZED_AUTOS = YES_AGGRESSIVE;
				GCC_WARN_UNUSED_FUNCTION = YES;
				GCC_WARN_UNUSED_VARIABLE = YES;
				IPHONEOS_DEPLOYMENT_TARGET = 15.4;
				MTL_ENABLE_DEBUG_INFO = INCLUDE_SOURCE;
				MTL_FAST_MATH = YES;
				ONLY_ACTIVE_ARCH = YES;
				SDKROOT = iphoneos;
				SWIFT_ACTIVE_COMPILATION_CONDITIONS = DEBUG;
				SWIFT_OPTIMIZATION_LEVEL = "-Onone";
			};
			name = Debug;
		};
		6DF7A854282FBB2B006E0915 /* Release */ = {
			isa = XCBuildConfiguration;
			buildSettings = {
				ALWAYS_SEARCH_USER_PATHS = NO;
				CLANG_ANALYZER_NONNULL = YES;
				CLANG_ANALYZER_NUMBER_OBJECT_CONVERSION = YES_AGGRESSIVE;
				CLANG_CXX_LANGUAGE_STANDARD = "gnu++17";
				CLANG_ENABLE_MODULES = YES;
				CLANG_ENABLE_OBJC_ARC = YES;
				CLANG_ENABLE_OBJC_WEAK = YES;
				CLANG_WARN_BLOCK_CAPTURE_AUTORELEASING = YES;
				CLANG_WARN_BOOL_CONVERSION = YES;
				CLANG_WARN_COMMA = YES;
				CLANG_WARN_CONSTANT_CONVERSION = YES;
				CLANG_WARN_DEPRECATED_OBJC_IMPLEMENTATIONS = YES;
				CLANG_WARN_DIRECT_OBJC_ISA_USAGE = YES_ERROR;
				CLANG_WARN_DOCUMENTATION_COMMENTS = YES;
				CLANG_WARN_EMPTY_BODY = YES;
				CLANG_WARN_ENUM_CONVERSION = YES;
				CLANG_WARN_INFINITE_RECURSION = YES;
				CLANG_WARN_INT_CONVERSION = YES;
				CLANG_WARN_NON_LITERAL_NULL_CONVERSION = YES;
				CLANG_WARN_OBJC_IMPLICIT_RETAIN_SELF = YES;
				CLANG_WARN_OBJC_LITERAL_CONVERSION = YES;
				CLANG_WARN_OBJC_ROOT_CLASS = YES_ERROR;
				CLANG_WARN_QUOTED_INCLUDE_IN_FRAMEWORK_HEADER = YES;
				CLANG_WARN_RANGE_LOOP_ANALYSIS = YES;
				CLANG_WARN_STRICT_PROTOTYPES = YES;
				CLANG_WARN_SUSPICIOUS_MOVE = YES;
				CLANG_WARN_UNGUARDED_AVAILABILITY = YES_AGGRESSIVE;
				CLANG_WARN_UNREACHABLE_CODE = YES;
				CLANG_WARN__DUPLICATE_METHOD_MATCH = YES;
				COPY_PHASE_STRIP = NO;
				DEBUG_INFORMATION_FORMAT = "dwarf-with-dsym";
				ENABLE_NS_ASSERTIONS = NO;
				ENABLE_STRICT_OBJC_MSGSEND = YES;
				GCC_C_LANGUAGE_STANDARD = gnu11;
				GCC_NO_COMMON_BLOCKS = YES;
				GCC_WARN_64_TO_32_BIT_CONVERSION = YES;
				GCC_WARN_ABOUT_RETURN_TYPE = YES_ERROR;
				GCC_WARN_UNDECLARED_SELECTOR = YES;
				GCC_WARN_UNINITIALIZED_AUTOS = YES_AGGRESSIVE;
				GCC_WARN_UNUSED_FUNCTION = YES;
				GCC_WARN_UNUSED_VARIABLE = YES;
				IPHONEOS_DEPLOYMENT_TARGET = 15.4;
				MTL_ENABLE_DEBUG_INFO = NO;
				MTL_FAST_MATH = YES;
				SDKROOT = iphoneos;
				SWIFT_COMPILATION_MODE = wholemodule;
				SWIFT_OPTIMIZATION_LEVEL = "-O";
				VALIDATE_PRODUCT = YES;
			};
			name = Release;
		};
		6DF7A856282FBB2B006E0915 /* Debug */ = {
			isa = XCBuildConfiguration;
			buildSettings = {
				ASSETCATALOG_COMPILER_APPICON_NAME = AppIcon;
				ASSETCATALOG_COMPILER_GLOBAL_ACCENT_COLOR_NAME = AccentColor;
				CODE_SIGN_STYLE = Automatic;
				CURRENT_PROJECT_VERSION = 1;
				GENERATE_INFOPLIST_FILE = YES;
				INFOPLIST_FILE = DesafioSextaFeira13/Info.plist;
				INFOPLIST_KEY_UIApplicationSupportsIndirectInputEvents = YES;
				INFOPLIST_KEY_UILaunchStoryboardName = LaunchScreen;
				INFOPLIST_KEY_UIMainStoryboardFile = Main;
				INFOPLIST_KEY_UISupportedInterfaceOrientations_iPad = "UIInterfaceOrientationPortrait UIInterfaceOrientationPortraitUpsideDown UIInterfaceOrientationLandscapeLeft UIInterfaceOrientationLandscapeRight";
				INFOPLIST_KEY_UISupportedInterfaceOrientations_iPhone = "UIInterfaceOrientationPortrait UIInterfaceOrientationLandscapeLeft UIInterfaceOrientationLandscapeRight";
				LD_RUNPATH_SEARCH_PATHS = (
					"$(inherited)",
					"@executable_path/Frameworks",
				);
				MARKETING_VERSION = 1.0;
				PRODUCT_BUNDLE_IDENTIFIER = teste.DesafioSextaFeira13;
				PRODUCT_NAME = "$(TARGET_NAME)";
				SWIFT_EMIT_LOC_STRINGS = YES;
				SWIFT_VERSION = 5.0;
				TARGETED_DEVICE_FAMILY = "1,2";
			};
			name = Debug;
		};
		6DF7A857282FBB2B006E0915 /* Release */ = {
			isa = XCBuildConfiguration;
			buildSettings = {
				ASSETCATALOG_COMPILER_APPICON_NAME = AppIcon;
				ASSETCATALOG_COMPILER_GLOBAL_ACCENT_COLOR_NAME = AccentColor;
				CODE_SIGN_STYLE = Automatic;
				CURRENT_PROJECT_VERSION = 1;
				GENERATE_INFOPLIST_FILE = YES;
				INFOPLIST_FILE = DesafioSextaFeira13/Info.plist;
				INFOPLIST_KEY_UIApplicationSupportsIndirectInputEvents = YES;
				INFOPLIST_KEY_UILaunchStoryboardName = LaunchScreen;
				INFOPLIST_KEY_UIMainStoryboardFile = Main;
				INFOPLIST_KEY_UISupportedInterfaceOrientations_iPad = "UIInterfaceOrientationPortrait UIInterfaceOrientationPortraitUpsideDown UIInterfaceOrientationLandscapeLeft UIInterfaceOrientationLandscapeRight";
				INFOPLIST_KEY_UISupportedInterfaceOrientations_iPhone = "UIInterfaceOrientationPortrait UIInterfaceOrientationLandscapeLeft UIInterfaceOrientationLandscapeRight";
				LD_RUNPATH_SEARCH_PATHS = (
					"$(inherited)",
					"@executable_path/Frameworks",
				);
				MARKETING_VERSION = 1.0;
				PRODUCT_BUNDLE_IDENTIFIER = teste.DesafioSextaFeira13;
				PRODUCT_NAME = "$(TARGET_NAME)";
				SWIFT_EMIT_LOC_STRINGS = YES;
				SWIFT_VERSION = 5.0;
				TARGETED_DEVICE_FAMILY = "1,2";
			};
			name = Release;
		};
		6DF7A859282FBB2B006E0915 /* Debug */ = {
			isa = XCBuildConfiguration;
			buildSettings = {
				ALWAYS_EMBED_SWIFT_STANDARD_LIBRARIES = YES;
				BUNDLE_LOADER = "$(TEST_HOST)";
				CODE_SIGN_STYLE = Automatic;
				CURRENT_PROJECT_VERSION = 1;
				GENERATE_INFOPLIST_FILE = YES;
				IPHONEOS_DEPLOYMENT_TARGET = 15.4;
				MARKETING_VERSION = 1.0;
				PRODUCT_BUNDLE_IDENTIFIER = teste.DesafioSextaFeira13Tests;
				PRODUCT_NAME = "$(TARGET_NAME)";
				SWIFT_EMIT_LOC_STRINGS = NO;
				SWIFT_VERSION = 5.0;
				TARGETED_DEVICE_FAMILY = "1,2";
				TEST_HOST = "$(BUILT_PRODUCTS_DIR)/DesafioSextaFeira13.app/DesafioSextaFeira13";
			};
			name = Debug;
		};
		6DF7A85A282FBB2B006E0915 /* Release */ = {
			isa = XCBuildConfiguration;
			buildSettings = {
				ALWAYS_EMBED_SWIFT_STANDARD_LIBRARIES = YES;
				BUNDLE_LOADER = "$(TEST_HOST)";
				CODE_SIGN_STYLE = Automatic;
				CURRENT_PROJECT_VERSION = 1;
				GENERATE_INFOPLIST_FILE = YES;
				IPHONEOS_DEPLOYMENT_TARGET = 15.4;
				MARKETING_VERSION = 1.0;
				PRODUCT_BUNDLE_IDENTIFIER = teste.DesafioSextaFeira13Tests;
				PRODUCT_NAME = "$(TARGET_NAME)";
				SWIFT_EMIT_LOC_STRINGS = NO;
				SWIFT_VERSION = 5.0;
				TARGETED_DEVICE_FAMILY = "1,2";
				TEST_HOST = "$(BUILT_PRODUCTS_DIR)/DesafioSextaFeira13.app/DesafioSextaFeira13";
			};
			name = Release;
		};
		6DF7A85C282FBB2B006E0915 /* Debug */ = {
			isa = XCBuildConfiguration;
			buildSettings = {
				ALWAYS_EMBED_SWIFT_STANDARD_LIBRARIES = YES;
				CODE_SIGN_STYLE = Automatic;
				CURRENT_PROJECT_VERSION = 1;
				GENERATE_INFOPLIST_FILE = YES;
				MARKETING_VERSION = 1.0;
				PRODUCT_BUNDLE_IDENTIFIER = teste.DesafioSextaFeira13UITests;
				PRODUCT_NAME = "$(TARGET_NAME)";
				SWIFT_EMIT_LOC_STRINGS = NO;
				SWIFT_VERSION = 5.0;
				TARGETED_DEVICE_FAMILY = "1,2";
				TEST_TARGET_NAME = DesafioSextaFeira13;
			};
			name = Debug;
		};
		6DF7A85D282FBB2B006E0915 /* Release */ = {
			isa = XCBuildConfiguration;
			buildSettings = {
				ALWAYS_EMBED_SWIFT_STANDARD_LIBRARIES = YES;
				CODE_SIGN_STYLE = Automatic;
				CURRENT_PROJECT_VERSION = 1;
				GENERATE_INFOPLIST_FILE = YES;
				MARKETING_VERSION = 1.0;
				PRODUCT_BUNDLE_IDENTIFIER = teste.DesafioSextaFeira13UITests;
				PRODUCT_NAME = "$(TARGET_NAME)";
				SWIFT_EMIT_LOC_STRINGS = NO;
				SWIFT_VERSION = 5.0;
				TARGETED_DEVICE_FAMILY = "1,2";
				TEST_TARGET_NAME = DesafioSextaFeira13;
			};
			name = Release;
		};
/* End XCBuildConfiguration section */

/* Begin XCConfigurationList section */
		6DF7A826282FBB28006E0915 /* Build configuration list for PBXProject "DesafioSextaFeira13" */ = {
			isa = XCConfigurationList;
			buildConfigurations = (
				6DF7A853282FBB2B006E0915 /* Debug */,
				6DF7A854282FBB2B006E0915 /* Release */,
			);
			defaultConfigurationIsVisible = 0;
			defaultConfigurationName = Release;
		};
		6DF7A855282FBB2B006E0915 /* Build configuration list for PBXNativeTarget "DesafioSextaFeira13" */ = {
			isa = XCConfigurationList;
			buildConfigurations = (
				6DF7A856282FBB2B006E0915 /* Debug */,
				6DF7A857282FBB2B006E0915 /* Release */,
			);
			defaultConfigurationIsVisible = 0;
			defaultConfigurationName = Release;
		};
		6DF7A858282FBB2B006E0915 /* Build configuration list for PBXNativeTarget "DesafioSextaFeira13Tests" */ = {
			isa = XCConfigurationList;
			buildConfigurations = (
				6DF7A859282FBB2B006E0915 /* Debug */,
				6DF7A85A282FBB2B006E0915 /* Release */,
			);
			defaultConfigurationIsVisible = 0;
			defaultConfigurationName = Release;
		};
		6DF7A85B282FBB2B006E0915 /* Build configuration list for PBXNativeTarget "DesafioSextaFeira13UITests" */ = {
			isa = XCConfigurationList;
			buildConfigurations = (
				6DF7A85C282FBB2B006E0915 /* Debug */,
				6DF7A85D282FBB2B006E0915 /* Release */,
			);
			defaultConfigurationIsVisible = 0;
			defaultConfigurationName = Release;
		};
/* End XCConfigurationList section */
	};
	rootObject = 6DF7A823282FBB28006E0915 /* Project object */;
}
